
Microsoft Visual Studio Solution File, Format Version 12.00
# Visual Studio Version 17
VisualStudioVersion = 17.11.35303.130
MinimumVisualStudioVersion = 10.0.40219.1
Project("{FAE04EC0-301F-11D3-BF4B-00C04F79EFBC}") = "ECommerce_Management_MVC", "ECommerce_Management_MVC\ECommerce_Management_MVC.csproj", "{47B28804-628E-47DF-92B6-97E8A6ED973F}"
EndProject
Global
	GlobalSection(SolutionConfigurationPlatforms) = preSolution
		Debug|Any CPU = Debug|Any CPU
		Release|Any CPU = Release|Any CPU
	EndGlobalSection
	GlobalSection(ProjectConfigurationPlatforms) = postSolution
		{47B28804-628E-47DF-92B6-97E8A6ED973F}.Debug|Any CPU.ActiveCfg = Debug|Any CPU
		{47B28804-628E-47DF-92B6-97E8A6ED973F}.Debug|Any CPU.Build.0 = Debug|Any CPU
		{47B28804-628E-47DF-92B6-97E8A6ED973F}.Release|Any CPU.ActiveCfg = Release|Any CPU
		{47B28804-628E-47DF-92B6-97E8A6ED973F}.Release|Any CPU.Build.0 = Release|Any CPU
	EndGlobalSection
	GlobalSection(SolutionProperties) = preSolution
		HideSolutionNode = FALSE
	EndGlobalSection
	GlobalSection(ExtensibilityGlobals) = postSolution
		SolutionGuid = {099744B6-8F3D-4084-BD93-65CF4BA4F0B3}
	EndGlobalSection
EndGlobal
